{
  "projects": [
    {
      "projectId": "caTPwKxj5ZrD9LQ7DMdK4Z",
      "version": "3.13.0",
      "dependencies": {},
      "lang": "js",
      "fileLocks": [
        {
          "assetId": "caTPwKxj5ZrD9LQ7DMdK4Z",
          "type": "projectCss",
          "checksum": "3f861d9934733b06ddcc0158487615ce"
        }
      ],
      "codegenVersion": "0.0.1"
    },
    {
      "projectId": "8HMNFKnEv7gJ55SbTqvTiU",
      "version": "latest",
      "dependencies": {
        "caTPwKxj5ZrD9LQ7DMdK4Z": "3.13.0"
      },
      "lang": "js",
      "fileLocks": [
        {
          "type": "globalVariant",
          "assetId": "CywHnA3LRZAXM",
          "checksum": "2afc09b14e536a8ed14f381ec9c45685"
        },
        {
          "assetId": "8HMNFKnEv7gJ55SbTqvTiU",
          "type": "projectCss",
          "checksum": "d539ffa133c2fd739d288b7cb66879c2"
        },
        {
          "type": "renderModule",
          "assetId": "2QbDyMolKpzt",
          "checksum": "5e1ab79e6bd2892b5e89fa01a8c1c208"
        },
        {
          "type": "cssRules",
          "assetId": "2QbDyMolKpzt",
          "checksum": "5e1ab79e6bd2892b5e89fa01a8c1c208"
        },
        {
          "type": "renderModule",
          "assetId": "0XcyjVyUyT",
          "checksum": "4b885f8ad564cb27d36c19e91f57db35"
        },
        {
          "type": "cssRules",
          "assetId": "0XcyjVyUyT",
          "checksum": "4b885f8ad564cb27d36c19e91f57db35"
        },
        {
          "type": "renderModule",
          "assetId": "40oQIk4rcZ",
          "checksum": "54e130df9afef0745016121a1c145f6d"
        },
        {
          "type": "cssRules",
          "assetId": "40oQIk4rcZ",
          "checksum": "54e130df9afef0745016121a1c145f6d"
        },
        {
          "type": "renderModule",
          "assetId": "e8nCEUlLHb",
          "checksum": "6754f04fe6ef7f4b5fbaf275505a3550"
        },
        {
          "type": "cssRules",
          "assetId": "e8nCEUlLHb",
          "checksum": "6754f04fe6ef7f4b5fbaf275505a3550"
        },
        {
          "type": "renderModule",
          "assetId": "4PjNop8mQb",
          "checksum": "d77c84545b400c14ceb85b136bad8d49"
        },
        {
          "type": "cssRules",
          "assetId": "4PjNop8mQb",
          "checksum": "d77c84545b400c14ceb85b136bad8d49"
        },
        {
          "type": "renderModule",
          "assetId": "AfiUy9xyrPK",
          "checksum": "04fb50dbdadea9545443561b79679767"
        },
        {
          "type": "cssRules",
          "assetId": "AfiUy9xyrPK",
          "checksum": "04fb50dbdadea9545443561b79679767"
        },
        {
          "type": "renderModule",
          "assetId": "SBcIalM9fJh",
          "checksum": "477f1aa50e2b6a19ee81131f6017007d"
        },
        {
          "type": "cssRules",
          "assetId": "SBcIalM9fJh",
          "checksum": "477f1aa50e2b6a19ee81131f6017007d"
        },
        {
          "type": "renderModule",
          "assetId": "M3bQRkfZiP",
          "checksum": "d6d6b1e15d4d286b653dbb6a6fbebfce"
        },
        {
          "type": "cssRules",
          "assetId": "M3bQRkfZiP",
          "checksum": "d6d6b1e15d4d286b653dbb6a6fbebfce"
        },
        {
          "type": "renderModule",
          "assetId": "0SLk0MG_H_",
          "checksum": "34a4bcb9b3af174674610b08232bac13"
        },
        {
          "type": "cssRules",
          "assetId": "0SLk0MG_H_",
          "checksum": "34a4bcb9b3af174674610b08232bac13"
        },
        {
          "type": "renderModule",
          "assetId": "UgLYtY_iEg",
          "checksum": "e865b3f8c605ecf94e6c99de6e4ebc0c"
        },
        {
          "type": "cssRules",
          "assetId": "UgLYtY_iEg",
          "checksum": "e865b3f8c605ecf94e6c99de6e4ebc0c"
        },
        {
          "type": "renderModule",
          "assetId": "SRxjb5uqQx",
          "checksum": "d834be61358a732bfd7d714e486b2db5"
        },
        {
          "type": "cssRules",
          "assetId": "SRxjb5uqQx",
          "checksum": "d834be61358a732bfd7d714e486b2db5"
        },
        {
          "type": "renderModule",
          "assetId": "u1HD2iJpzl",
          "checksum": "5066a630a3d374d9b3f4f3acbebd6368"
        },
        {
          "type": "cssRules",
          "assetId": "u1HD2iJpzl",
          "checksum": "5066a630a3d374d9b3f4f3acbebd6368"
        },
        {
          "type": "renderModule",
          "assetId": "NlSaXhOoqK",
          "checksum": "50b806bf49950b11a0a83f4363a8a6ae"
        },
        {
          "type": "cssRules",
          "assetId": "NlSaXhOoqK",
          "checksum": "50b806bf49950b11a0a83f4363a8a6ae"
        },
        {
          "type": "renderModule",
          "assetId": "7BupcZrwoF",
          "checksum": "f20895284d1096a4469748597da29f32"
        },
        {
          "type": "cssRules",
          "assetId": "7BupcZrwoF",
          "checksum": "f20895284d1096a4469748597da29f32"
        },
        {
          "type": "renderModule",
          "assetId": "Ij7BXkTnkp",
          "checksum": "e420acc209cd45dbb4447d230dccd55d"
        },
        {
          "type": "cssRules",
          "assetId": "Ij7BXkTnkp",
          "checksum": "e420acc209cd45dbb4447d230dccd55d"
        },
        {
          "type": "renderModule",
          "assetId": "lNF5F5pVlN",
          "checksum": "17cb1eea0bf697d63a200bd32df5e65b"
        },
        {
          "type": "cssRules",
          "assetId": "lNF5F5pVlN",
          "checksum": "17cb1eea0bf697d63a200bd32df5e65b"
        },
        {
          "type": "renderModule",
          "assetId": "sGix8KYNyE",
          "checksum": "b8c588f10e3f115963c32d61256b2784"
        },
        {
          "type": "cssRules",
          "assetId": "sGix8KYNyE",
          "checksum": "b8c588f10e3f115963c32d61256b2784"
        },
        {
          "type": "icon",
          "assetId": "6RdOQRrPg",
          "checksum": "be95b8e80b245a01143cd5fe90effb1d"
        },
        {
          "type": "icon",
          "assetId": "k2w9DMtuZQA",
          "checksum": "c9c25fb12146ebef51e31ebd58e4c7c5"
        },
        {
          "type": "icon",
          "assetId": "Etw_otJIc8D",
          "checksum": "809947281148b2b784a77d413b6bca37"
        },
        {
          "type": "icon",
          "assetId": "ZBXIjvBejTc",
          "checksum": "0584245d74cf4534b57330091dadc6f7"
        },
        {
          "type": "image",
          "assetId": "bT884vBoz",
          "checksum": "5f9b97ecbeedd54bb84babdc3ed941be"
        },
        {
          "type": "image",
          "assetId": "y1CjWm4LC",
          "checksum": "b96ba299faa5ddfe782b5a64ce4d7d1b"
        },
        {
          "type": "image",
          "assetId": "nHazR67vE",
          "checksum": "fafbf2aa651fbf0d53dc0a4a91a29fcf"
        },
        {
          "type": "image",
          "assetId": "UGE69ej3z",
          "checksum": "d82b86e6dbca7d284e08cd809abd5711"
        },
        {
          "type": "image",
          "assetId": "9p0NIChNK",
          "checksum": "78e193a733659f3ba4a6a0bfe1988a60"
        },
        {
          "type": "image",
          "assetId": "o7HMk4tL5T",
          "checksum": "17ea7a71ba76052667250a83f6ca9a53"
        },
        {
          "type": "image",
          "assetId": "ew4FyKKRnt",
          "checksum": "eea51f17914e84e01cbe4deb0672371f"
        },
        {
          "type": "image",
          "assetId": "l7ysBHG3IR",
          "checksum": "54ddc6f9167605fc5f805924eb8fc1ae"
        },
        {
          "type": "image",
          "assetId": "uS1M93bKLT",
          "checksum": "779dbe5f5da56b58b34cc8684718a5aa"
        }
      ],
      "codegenVersion": "0.0.1"
    }
  ],
  "cliVersion": "0.1.217"
}
